<?xml version="1.0" encoding="utf-8"?>
<Project ToolsVersion="4.0" xmlns="http://schemas.microsoft.com/developer/msbuild/2003">
  <ItemGroup>
    <Filter Include="Source Files">
      <UniqueIdentifier>{4FC737F1-C7A5-4376-A066-2A32D752A2FF}</UniqueIdentifier>
      <Extensions>cpp;c;cc;cxx;def;odl;idl;hpj;bat;asm;asmx</Extensions>
    </Filter>
    <Filter Include="Header Files">
      <UniqueIdentifier>{93995380-89BD-4b04-88EB-625FBE52EBFB}</UniqueIdentifier>
      <Extensions>h;hh;hpp;hxx;hm;inl;inc;xsd</Extensions>
    </Filter>
    <Filter Include="Resource Files">
      <UniqueIdentifier>{67DA6AB6-F800-4c08-8B7A-83BB121AAD01}</UniqueIdentifier>
      <Extensions>rc;ico;cur;bmp;dlg;rc2;rct;bin;rgs;gif;jpg;jpeg;jpe;resx;tiff;tif;png;wav;mfcribbon-ms</Extensions>
    </Filter>
    <Filter Include="Source Files\Game">
      <UniqueIdentifier>{33a8acdc-724e-48a3-a3cb-16e09c002f46}</UniqueIdentifier>
    </Filter>
    <Filter Include="Header Files\Game">
      <UniqueIdentifier>{f0403348-e7e9-4b52-9ee1-847864ee00d5}</UniqueIdentifier>
    </Filter>
    <Filter Include="Source Files\Screen">
      <UniqueIdentifier>{bf977bd7-f7c5-47c4-8714-76caad0b64f1}</UniqueIdentifier>
    </Filter>
    <Filter Include="Header Files\Screen">
      <UniqueIdentifier>{3d594695-5cf2-41b0-88a4-45560d6a4637}</UniqueIdentifier>
    </Filter>
    <Filter Include="Header Files\Game\Shader">
      <UniqueIdentifier>{8fe6c325-2673-4ff9-a85e-beffdfafe902}</UniqueIdentifier>
    </Filter>
    <Filter Include="Source Files\Game\Shader">
      <UniqueIdentifier>{01c8bf55-5672-4ab5-a4fe-df3b211a4343}</UniqueIdentifier>
    </Filter>
    <Filter Include="Header Files\Game\Particle">
      <UniqueIdentifier>{7f7902e1-417a-42f3-b55f-128ec3b34cfa}</UniqueIdentifier>
    </Filter>
    <Filter Include="Source Files\Game\Particle">
      <UniqueIdentifier>{002173d1-fca1-4999-81e8-2bf79afc5e3f}</UniqueIdentifier>
    </Filter>
    <Filter Include="Header Files\Game\GUI">
      <UniqueIdentifier>{827a261e-5b70-4af5-b6ce-52cc49acfc8a}</UniqueIdentifier>
    </Filter>
    <Filter Include="Source Files\Game\GUI">
      <UniqueIdentifier>{242b8bb1-a7ae-43ce-bcbf-e06390de2c90}</UniqueIdentifier>
    </Filter>
    <Filter Include="Source Files\Screen\Rendering">
      <UniqueIdentifier>{43462526-e108-4698-b382-5aa993388283}</UniqueIdentifier>
    </Filter>
    <Filter Include="Header Files\Screen\Rendering">
      <UniqueIdentifier>{deb09880-4ba2-461b-9b88-f1c3e3d2b280}</UniqueIdentifier>
    </Filter>
    <Filter Include="Source Files\ANNIE">
      <UniqueIdentifier>{e8a8b458-ba2c-4458-bb10-8400bde6f9ab}</UniqueIdentifier>
    </Filter>
    <Filter Include="Header Files\ANNIE">
      <UniqueIdentifier>{207a2aad-b064-4ac8-b3e9-1eb175bb9e66}</UniqueIdentifier>
    </Filter>
  </ItemGroup>
  <ItemGroup>
    <ClCompile Include="main.cpp">
      <Filter>Source Files</Filter>
    </ClCompile>
    <ClCompile Include="Program.cpp">
      <Filter>Source Files</Filter>
    </ClCompile>
    <ClCompile Include="Game\Model.cpp">
      <Filter>Source Files\Game</Filter>
    </ClCompile>
    <ClCompile Include="Game\Camera.cpp">
      <Filter>Source Files\Game</Filter>
    </ClCompile>
    <ClCompile Include="SoundManager.cpp">
      <Filter>Source Files</Filter>
    </ClCompile>
    <ClCompile Include="Screen\ScreenGame.cpp">
      <Filter>Source Files\Screen</Filter>
    </ClCompile>
    <ClCompile Include="Screen\ScreenManager.cpp">
      <Filter>Source Files\Screen</Filter>
    </ClCompile>
    <ClCompile Include="Screen\ScreenStart.cpp">
      <Filter>Source Files\Screen</Filter>
    </ClCompile>
    <ClCompile Include="Screen\Screen.cpp">
      <Filter>Source Files\Screen</Filter>
    </ClCompile>
    <ClCompile Include="Game\Object.cpp">
      <Filter>Source Files\Game</Filter>
    </ClCompile>
    <ClCompile Include="Game\Player.cpp">
      <Filter>Source Files\Game</Filter>
    </ClCompile>
    <ClCompile Include="Game\Shader\ShaderManager.cpp">
      <Filter>Source Files\Game\Shader</Filter>
    </ClCompile>
    <ClCompile Include="Game\LevelManager.cpp">
      <Filter>Source Files\Game</Filter>
    </ClCompile>
    <ClCompile Include="Game\Particle\ParticleEmitter.cpp">
      <Filter>Source Files\Game\Particle</Filter>
    </ClCompile>
    <ClCompile Include="Game\Particle\ParticleManager.cpp">
      <Filter>Source Files\Game\Particle</Filter>
    </ClCompile>
    <ClCompile Include="Game\Animation.cpp">
      <Filter>Source Files\Game</Filter>
    </ClCompile>
    <ClCompile Include="Accessories.cpp">
      <Filter>Source Files\Game</Filter>
    </ClCompile>
    <ClCompile Include="Game\Particle\Particle.cpp">
      <Filter>Source Files\Game\Particle</Filter>
    </ClCompile>
    <ClCompile Include="Game\GUI\Button.cpp">
      <Filter>Source Files\Game\GUI</Filter>
    </ClCompile>
    <ClCompile Include="Screen\ScreenCutscene.cpp">
      <Filter>Source Files\Screen</Filter>
    </ClCompile>
    <ClCompile Include="Game\LightManager.cpp">
      <Filter>Source Files\Game</Filter>
    </ClCompile>
    <ClCompile Include="Screen\Rendering\DeferredRendering.cpp">
      <Filter>Source Files\Screen\Rendering</Filter>
    </ClCompile>
    <ClCompile Include="Game\GUI\Text.cpp">
      <Filter>Source Files\Game\GUI</Filter>
    </ClCompile>
    <ClCompile Include="Game\MaterialManager.cpp">
      <Filter>Source Files\Game</Filter>
    </ClCompile>
    <ClCompile Include="Game\QuadTree.cpp">
      <Filter>Source Files\Game</Filter>
    </ClCompile>
    <ClCompile Include="Game\Frustum.cpp">
      <Filter>Source Files\Game</Filter>
    </ClCompile>
    <ClCompile Include="Game\Entity.cpp">
      <Filter>Source Files</Filter>
    </ClCompile>
    <ClCompile Include="Game\Hitbox.cpp">
      <Filter>Source Files</Filter>
    </ClCompile>
    <ClCompile Include="Projectile.cpp">
      <Filter>Source Files\Game</Filter>
    </ClCompile>
    <ClCompile Include="Enemy.cpp">
      <Filter>Source Files\Game</Filter>
    </ClCompile>
    <ClCompile Include="Game\GUI\GUIManager.cpp">
      <Filter>Source Files\Game\GUI</Filter>
    </ClCompile>
    <ClCompile Include="Game\Trigger.cpp">
      <Filter>Source Files\Game</Filter>
    </ClCompile>
    <ClCompile Include="ProjectileHandler.cpp">
      <Filter>Source Files\Game</Filter>
    </ClCompile>
    <ClCompile Include="MyContactListener.cpp">
      <Filter>Source Files\Game</Filter>
    </ClCompile>
    <ClCompile Include="Game\Particle\BloodParticle.cpp">
      <Filter>Source Files\Game\Particle</Filter>
    </ClCompile>
    <ClCompile Include="Game\Particle\TextureParticle.cpp">
      <Filter>Source Files\Game\Particle</Filter>
    </ClCompile>
    <ClCompile Include="Screen\Rendering\ShadowManager.cpp">
      <Filter>Source Files\Screen\Rendering</Filter>
    </ClCompile>
    <ClCompile Include="ANNIE\LevelFile.cpp">
      <Filter>Source Files\ANNIE</Filter>
    </ClCompile>
    <ClCompile Include="ANNIE\ArchiveFile.cpp">
      <Filter>Source Files\ANNIE</Filter>
    </ClCompile>
    <ClCompile Include="Game\MeshManager.cpp">
      <Filter>Source Files\Game</Filter>
    </ClCompile>
  </ItemGroup>
  <ItemGroup>
    <ClInclude Include="Program.h">
      <Filter>Header Files</Filter>
    </ClInclude>
    <ClInclude Include="Game\Model.h">
      <Filter>Header Files\Game</Filter>
    </ClInclude>
    <ClInclude Include="Game\Camera.h">
      <Filter>Header Files\Game</Filter>
    </ClInclude>
    <ClInclude Include="Accessories.h">
      <Filter>Header Files</Filter>
    </ClInclude>
    <ClInclude Include="SoundManager.h">
      <Filter>Header Files</Filter>
    </ClInclude>
    <ClInclude Include="Screen\Screen.h">
      <Filter>Header Files\Screen</Filter>
    </ClInclude>
    <ClInclude Include="Screen\ScreenGame.h">
      <Filter>Header Files\Screen</Filter>
    </ClInclude>
    <ClInclude Include="Screen\ScreenManager.h">
      <Filter>Header Files\Screen</Filter>
    </ClInclude>
    <ClInclude Include="Screen\ScreenStart.h">
      <Filter>Header Files\Screen</Filter>
    </ClInclude>
    <ClInclude Include="Game\Object.h">
      <Filter>Header Files\Game</Filter>
    </ClInclude>
    <ClInclude Include="Game\Player.h">
      <Filter>Header Files\Game</Filter>
    </ClInclude>
    <ClInclude Include="Game\Shader\ShaderManager.h">
      <Filter>Header Files\Game\Shader</Filter>
    </ClInclude>
    <ClInclude Include="Game\LevelManager.h">
      <Filter>Header Files\Game</Filter>
    </ClInclude>
    <ClInclude Include="Game\Particle\ParticleEmitter.h">
      <Filter>Header Files\Game\Particle</Filter>
    </ClInclude>
    <ClInclude Include="Game\Particle\ParticleManager.h">
      <Filter>Header Files\Game\Particle</Filter>
    </ClInclude>
    <ClInclude Include="Game\Animation.h">
      <Filter>Header Files\Game</Filter>
    </ClInclude>
    <ClInclude Include="Game\Particle\Particle.h">
      <Filter>Header Files\Game\Particle</Filter>
    </ClInclude>
    <ClInclude Include="Game\GUI\Button.h">
      <Filter>Header Files\Game\GUI</Filter>
    </ClInclude>
    <ClInclude Include="Screen\ScreenCutscene.h">
      <Filter>Header Files\Screen</Filter>
    </ClInclude>
    <ClInclude Include="Game\LightManager.h">
      <Filter>Header Files\Game</Filter>
    </ClInclude>
    <ClInclude Include="Game\GUI\Text.h">
      <Filter>Header Files\Game\GUI</Filter>
    </ClInclude>
    <ClInclude Include="Screen\Rendering\DeferredRendering.h">
      <Filter>Header Files\Screen\Rendering</Filter>
    </ClInclude>
    <ClInclude Include="Game\MaterialManager.h">
      <Filter>Header Files\Game</Filter>
    </ClInclude>
    <ClInclude Include="Game\Frustum.h">
      <Filter>Header Files\Game</Filter>
    </ClInclude>
    <ClInclude Include="Game\QuadTree.h">
      <Filter>Header Files\Game</Filter>
    </ClInclude>
    <ClInclude Include="Projectile.h">
      <Filter>Header Files\Game</Filter>
    </ClInclude>
    <ClInclude Include="Enemy.h">
      <Filter>Header Files\Game</Filter>
    </ClInclude>
    <ClInclude Include="Game\GUI\GUIManager.h">
      <Filter>Header Files\Game\GUI</Filter>
    </ClInclude>
    <ClInclude Include="Game\Trigger.h">
      <Filter>Header Files\Game</Filter>
    </ClInclude>
    <ClInclude Include="ProjectileHandler.h">
      <Filter>Header Files\Game</Filter>
    </ClInclude>
    <ClInclude Include="MyContactListener.h">
      <Filter>Header Files\Game</Filter>
    </ClInclude>
    <ClInclude Include="Game\Particle\BloodParticle.h">
      <Filter>Header Files\Game\Particle</Filter>
    </ClInclude>
    <ClInclude Include="Screen\Rendering\ShadowManager.h">
      <Filter>Header Files\Screen\Rendering</Filter>
    </ClInclude>
    <ClInclude Include="Game\Particle\TextureParticle.h">
      <Filter>Header Files\Game\Particle</Filter>
    </ClInclude>
    <ClInclude Include="ANNIE\LevelFile.h">
      <Filter>Header Files\ANNIE</Filter>
    </ClInclude>
    <ClInclude Include="ANNIE\Header.h">
      <Filter>Header Files\ANNIE</Filter>
    </ClInclude>
    <ClInclude Include="ANNIE\ArchiveFile.h">
      <Filter>Header Files\ANNIE</Filter>
    </ClInclude>
    <ClInclude Include="Game\MeshManager.h">
      <Filter>Header Files\Game</Filter>
    </ClInclude>
    <ClInclude Include="Game\Entity.h">
      <Filter>Header Files\Game</Filter>
    </ClInclude>
    <ClInclude Include="Game\Hitbox.h">
      <Filter>Header Files\Game</Filter>
    </ClInclude>
  </ItemGroup>
  <ItemGroup>
    <None Include="Data\Graphics\Shaders\solid_fs.glsl">
      <Filter>Resource Files</Filter>
    </None>
    <None Include="Data\Graphics\Shaders\solid_vs.glsl">
      <Filter>Resource Files</Filter>
    </None>
    <None Include="Data\Graphics\Shaders\texture_fs.glsl">
      <Filter>Resource Files</Filter>
    </None>
    <None Include="Data\Graphics\Shaders\texture_vs.glsl">
      <Filter>Resource Files</Filter>
    </None>
    <None Include="Data\Graphics\Shaders\texture_animation_vs.glsl">
      <Filter>Resource Files</Filter>
    </None>
    <None Include="Data\Graphics\Shaders\dr_fs.glsl">
      <Filter>Resource Files</Filter>
    </None>
    <None Include="Data\Graphics\Shaders\dr_vs.glsl">
      <Filter>Resource Files</Filter>
    </None>
    <None Include="Data\Graphics\Shaders\drfinal_vs.glsl">
      <Filter>Resource Files</Filter>
    </None>
    <None Include="Data\Graphics\Shaders\drfinal_fs.glsl">
      <Filter>Resource Files</Filter>
    </None>
    <None Include="Data\Graphics\Shaders\texture_animation_fs.glsl">
      <Filter>Resource Files</Filter>
    </None>
    <None Include="Data\Graphics\Shaders\particle_light_gs.glsl">
      <Filter>Resource Files</Filter>
    </None>
    <None Include="Data\Graphics\Shaders\particle_light_fs.glsl">
      <Filter>Resource Files</Filter>
    </None>
    <None Include="Data\Graphics\Shaders\particle_light_vs.glsl">
      <Filter>Resource Files</Filter>
    </None>
    <None Include="Data\Graphics\Shaders\debug_shader_vs.glsl">
      <Filter>Resource Files</Filter>
    </None>
    <None Include="Data\Graphics\Shaders\debug_shader_fs.glsl">
      <Filter>Resource Files</Filter>
    </None>
    <None Include="Data\Graphics\Shaders\particle_texture_fs.glsl">
      <Filter>Resource Files</Filter>
    </None>
    <None Include="Data\Graphics\Shaders\particle_texture_gs.glsl">
      <Filter>Resource Files</Filter>
    </None>
    <None Include="Data\Graphics\Shaders\particle_texture_vs.glsl">
      <Filter>Resource Files</Filter>
    </None>
    <None Include="Data\Graphics\Shaders\shadowmap_dir_transparent_fs.glsl">
      <Filter>Resource Files</Filter>
    </None>
    <None Include="Data\Graphics\Shaders\shadowmap_dir_fs.glsl">
      <Filter>Resource Files</Filter>
    </None>
    <None Include="Data\Graphics\Shaders\shadowmap_dir_transparent_vs.glsl">
      <Filter>Resource Files</Filter>
    </None>
    <None Include="Data\Graphics\Shaders\shadowmap_dir_vs.glsl">
      <Filter>Resource Files</Filter>
    </None>
    <None Include="Data\Graphics\Shaders\shadowmap_point_vs.glsl">
      <Filter>Resource Files</Filter>
    </None>
    <None Include="Data\Graphics\Shaders\shadowmap_point_gs.glsl">
      <Filter>Resource Files</Filter>
    </None>
    <None Include="Data\Graphics\Shaders\shadowmap_point_fs.glsl">
      <Filter>Resource Files</Filter>
    </None>
  </ItemGroup>
</Project>